
Microsoft Visual Studio Solution File, Format Version 12.00
# Visual Studio Version 17
VisualStudioVersion = 17.14.36518.9 d17.14
MinimumVisualStudioVersion = 10.0.40219.1
Project("{FAE04EC0-301F-11D3-BF4B-00C04F79EFBC}") = "ExpenseTrackerApi", "ExpenseTrackerApi\ExpenseTrackerApi.csproj", "{7A3426F4-3356-4C42-9AB5-688D2C934153}"
EndProject
Global
	GlobalSection(SolutionConfigurationPlatforms) = preSolution
		Debug|Any CPU = Debug|Any CPU
		Release|Any CPU = Release|Any CPU
	EndGlobalSection
	GlobalSection(ProjectConfigurationPlatforms) = postSolution
		{7A3426F4-3356-4C42-9AB5-688D2C934153}.Debug|Any CPU.ActiveCfg = Debug|Any CPU
		{7A3426F4-3356-4C42-9AB5-688D2C934153}.Debug|Any CPU.Build.0 = Debug|Any CPU
		{7A3426F4-3356-4C42-9AB5-688D2C934153}.Release|Any CPU.ActiveCfg = Release|Any CPU
		{7A3426F4-3356-4C42-9AB5-688D2C934153}.Release|Any CPU.Build.0 = Release|Any CPU
	EndGlobalSection
	GlobalSection(SolutionProperties) = preSolution
		HideSolutionNode = FALSE
	EndGlobalSection
	GlobalSection(ExtensibilityGlobals) = postSolution
		SolutionGuid = {CB5BE3BC-DD82-44AD-845E-0948CA20A76D}
	EndGlobalSection
EndGlobal
